{
  "lockfileVersion": 1,
  "configVersion": 1,
  "workspaces": {
    "": {
      "name": "zettelclaw-codex",
      "dependencies": {
        "@clack/prompts": "^1.0.1",
      },
      "devDependencies": {
        "@biomejs/biome": "^2.4.3",
        "@types/bun": "latest",
        "@typescript/native-preview": "^7.0.0-dev.20260219.1",
        "typescript": "^5.9.3",
      },
    },
  },
  "packages": {
    "@biomejs/biome": ["@biomejs/biome@2.4.3", "", { "optionalDependencies": { "@biomejs/cli-darwin-arm64": "2.4.3", "@biomejs/cli-darwin-x64": "2.4.3", "@biomejs/cli-linux-arm64": "2.4.3", "@biomejs/cli-linux-arm64-musl": "2.4.3", "@biomejs/cli-linux-x64": "2.4.3", "@biomejs/cli-linux-x64-musl": "2.4.3", "@biomejs/cli-win32-arm64": "2.4.3", "@biomejs/cli-win32-x64": "2.4.3" }, "bin": { "biome": "bin/biome" } }, "sha512-cBrjf6PNF6yfL8+kcNl85AjiK2YHNsbU0EvDOwiZjBPbMbQ5QcgVGFpjD0O52p8nec5O8NYw7PKw3xUR7fPAkQ=="],

    "@biomejs/cli-darwin-arm64": ["@biomejs/cli-darwin-arm64@2.4.3", "", { "os": "darwin", "cpu": "arm64" }, "sha512-eOafSFlI/CF4id2tlwq9CVHgeEqvTL5SrhWff6ZORp6S3NL65zdsR3ugybItkgF8Pf4D9GSgtbB6sE3UNgOM9w=="],

    "@biomejs/cli-darwin-x64": ["@biomejs/cli-darwin-x64@2.4.3", "", { "os": "darwin", "cpu": "x64" }, "sha512-V2+av4ilbWcBMNufTtMMXVW00nPwyIjI5qf7n9wSvUaZ+tt0EvMGk46g9sAFDJBEDOzSyoRXiSP6pCvKTOEbPA=="],

    "@biomejs/cli-linux-arm64": ["@biomejs/cli-linux-arm64@2.4.3", "", { "os": "linux", "cpu": "arm64" }, "sha512-0m+O0x9FgK99FAwDK+fiDtjs2wnqq7bvfj17KJVeCkTwT/liI+Q9njJG7lwXK0iSJVXeFNRIxukpVI3SifMYAA=="],

    "@biomejs/cli-linux-arm64-musl": ["@biomejs/cli-linux-arm64-musl@2.4.3", "", { "os": "linux", "cpu": "arm64" }, "sha512-QuFzvsGo8BA4Xm7jGX5idkw6BqFblcCPySMTvq0AhGYnhUej5VJIDJbmTKfHqwjHepZiC4fA+T5i6wmiZolZNw=="],

    "@biomejs/cli-linux-x64": ["@biomejs/cli-linux-x64@2.4.3", "", { "os": "linux", "cpu": "x64" }, "sha512-NVqh0saIU0u5OfOp/0jFdlKRE59+XyMvWmtx0f6Nm/2OpdxBl04coRIftBbY9d1gfu+23JVv4CItAqPYrjYh5w=="],

    "@biomejs/cli-linux-x64-musl": ["@biomejs/cli-linux-x64-musl@2.4.3", "", { "os": "linux", "cpu": "x64" }, "sha512-qEc0OCpj/uytruQ4wLM0yWNJLZy0Up8H1Er5MW3SrstqM6J2d4XqdNA86xzCy8MQCHpoVZ3lFye3GBlIL4/ljw=="],

    "@biomejs/cli-win32-arm64": ["@biomejs/cli-win32-arm64@2.4.3", "", { "os": "win32", "cpu": "arm64" }, "sha512-gRO96vrIARilv/Cp2ZnmNNL5LSZg3RO75GPp13hsLO3N4YVpE7saaMDp2bcyV48y2N2Pbit1brkGVGta0yd6VQ=="],

    "@biomejs/cli-win32-x64": ["@biomejs/cli-win32-x64@2.4.3", "", { "os": "win32", "cpu": "x64" }, "sha512-vSm/vOJe06pf14aGHfHl3Ar91Nlx4YYmohElDJ+17UbRwe99n987S/MhAlQOkONqf1utJor04ChkCPmKb8SWdw=="],

    "@clack/core": ["@clack/core@1.0.1", "", { "dependencies": { "picocolors": "^1.0.0", "sisteransi": "^1.0.5" } }, "sha512-WKeyK3NOBwDOzagPR5H08rFk9D/WuN705yEbuZvKqlkmoLM2woKtXb10OO2k1NoSU4SFG947i2/SCYh+2u5e4g=="],

    "@clack/prompts": ["@clack/prompts@1.0.1", "", { "dependencies": { "@clack/core": "1.0.1", "picocolors": "^1.0.0", "sisteransi": "^1.0.5" } }, "sha512-/42G73JkuYdyWZ6m8d/CJtBrGl1Hegyc7Fy78m5Ob+jF85TOUmLR5XLce/U3LxYAw0kJ8CT5aI99RIvPHcGp/Q=="],

    "@types/bun": ["@types/bun@1.3.9", "", { "dependencies": { "bun-types": "1.3.9" } }, "sha512-KQ571yULOdWJiMH+RIWIOZ7B2RXQGpL1YQrBtLIV3FqDcCu6FsbFUBwhdKUlCKUpS3PJDsHlJ1QKlpxoVR+xtw=="],

    "@types/node": ["@types/node@25.3.0", "", { "dependencies": { "undici-types": "~7.18.0" } }, "sha512-4K3bqJpXpqfg2XKGK9bpDTc6xO/xoUP/RBWS7AtRMug6zZFaRekiLzjVtAoZMquxoAbzBvy5nxQ7veS5eYzf8A=="],

    "@typescript/native-preview": ["@typescript/native-preview@7.0.0-dev.20260219.1", "", { "optionalDependencies": { "@typescript/native-preview-darwin-arm64": "7.0.0-dev.20260219.1", "@typescript/native-preview-darwin-x64": "7.0.0-dev.20260219.1", "@typescript/native-preview-linux-arm": "7.0.0-dev.20260219.1", "@typescript/native-preview-linux-arm64": "7.0.0-dev.20260219.1", "@typescript/native-preview-linux-x64": "7.0.0-dev.20260219.1", "@typescript/native-preview-win32-arm64": "7.0.0-dev.20260219.1", "@typescript/native-preview-win32-x64": "7.0.0-dev.20260219.1" }, "bin": { "tsgo": "bin/tsgo.js" } }, "sha512-Y/mfpmpZwfwyNzBgki/wUm/pWLQM2gaL5cum6lbOv8QNZUtzcIy0wTPaS08sb4yhUSGC1jGaJEPR2FNctfeC2Q=="],

    "@typescript/native-preview-darwin-arm64": ["@typescript/native-preview-darwin-arm64@7.0.0-dev.20260219.1", "", { "os": "darwin", "cpu": "arm64" }, "sha512-h8gG6gE0YcxJZwxFc+JHjqCoFf/EBZ0k6znspV6+NwkyyJHMIqYiawZ7Lzu2Ka8lJDO3QxXcIdw2jKaktwW2wQ=="],

    "@typescript/native-preview-darwin-x64": ["@typescript/native-preview-darwin-x64@7.0.0-dev.20260219.1", "", { "os": "darwin", "cpu": "x64" }, "sha512-/tSFdSD76V4X3bX+iXecaa41KRuPMl1LQD3nsE45zZFdmDUIhvCwFRXDP+whkcdaJy8RJTALC0wWhIJ6FUmnwA=="],

    "@typescript/native-preview-linux-arm": ["@typescript/native-preview-linux-arm@7.0.0-dev.20260219.1", "", { "os": "linux", "cpu": "arm" }, "sha512-pmTGfe3VGoCmjyy9r68wurGBsoaqwYRZ8/i7cIxAJNnq1huKuXRnLnVoZm6uOzZ2GtjWFjwmXXCvcdfmy9+PvQ=="],

    "@typescript/native-preview-linux-arm64": ["@typescript/native-preview-linux-arm64@7.0.0-dev.20260219.1", "", { "os": "linux", "cpu": "arm64" }, "sha512-9MXFr+T5LQlXuDsKTtwFdN1lbaKSMmZzabT8Gr1C74ueun91IiJVhNNISwCWY48c28Ka6O6fwxeHjU44ee/G9Q=="],

    "@typescript/native-preview-linux-x64": ["@typescript/native-preview-linux-x64@7.0.0-dev.20260219.1", "", { "os": "linux", "cpu": "x64" }, "sha512-EMLKx9koxTbdWFg+jaqy5MwZQ19usFug6Cw+evkCaFlDEfF5sgJ/npSRhNJLbZ451FR0eqNIKmIEA9cXlHSDuA=="],

    "@typescript/native-preview-win32-arm64": ["@typescript/native-preview-win32-arm64@7.0.0-dev.20260219.1", "", { "os": "win32", "cpu": "arm64" }, "sha512-vILjYS1EnTZoiD1SfWBtk92qpDrFP9Ln38olonMjtO7mJO6SmN78GHhGR+dyGgNTHQ7PZAxGFiQwZJgrIMWNhw=="],

    "@typescript/native-preview-win32-x64": ["@typescript/native-preview-win32-x64@7.0.0-dev.20260219.1", "", { "os": "win32", "cpu": "x64" }, "sha512-wwjOQCSViLi+mqJycnRek7GeLZXmJClcZaVYFkLRVbmIMWvWSJkafasFjnQHDinXcLiXxZYdJ+oRR/86FOt2Xw=="],

    "bun-types": ["bun-types@1.3.9", "", { "dependencies": { "@types/node": "*" } }, "sha512-+UBWWOakIP4Tswh0Bt0QD0alpTY8cb5hvgiYeWCMet9YukHbzuruIEeXC2D7nMJPB12kbh8C7XJykSexEqGKJg=="],

    "picocolors": ["picocolors@1.1.1", "", {}, "sha512-xceH2snhtb5M9liqDsmEw56le376mTZkEX/jEb/RxNFyegNul7eNslCXP9FDj/Lcu0X8KEyMceP2ntpaHrDEVA=="],

    "sisteransi": ["sisteransi@1.0.5", "", {}, "sha512-bLGGlR1QxBcynn2d5YmDX4MGjlZvy2MRBDRNHLJ8VI6l6+9FUiyTFNJ0IveOSP0bcXgVDPRcfGqA0pjaqUpfVg=="],

    "typescript": ["typescript@5.9.3", "", { "bin": { "tsc": "bin/tsc", "tsserver": "bin/tsserver" } }, "sha512-jl1vZzPDinLr9eUt3J/t7V6FgNEw9QjvBPdysz9KfQDD41fQrC2Y4vKQdiaUpFT4bXlb1RHhLpp8wtm6M5TgSw=="],

    "undici-types": ["undici-types@7.18.2", "", {}, "sha512-AsuCzffGHJybSaRrmr5eHr81mwJU3kjw6M+uprWvCXiNeN9SOGwQ3Jn8jb8m3Z6izVgknn1R0FTCEAP2QrLY/w=="],
  }
}
